
Microsoft Visual Studio Solution File, Format Version 12.00
# Visual Studio Version 17
VisualStudioVersion = 17.0.31612.314
MinimumVisualStudioVersion = 10.0.40219.1
Project("{FAE04EC0-301F-11D3-BF4B-00C04F79EFBC}") = "FirstAppWinform", "FirstAppWinform\FirstAppWinform.csproj", "{FCA89F91-E6CA-45B4-BC91-FBF0B7FE31A6}"
EndProject
Project("{FAE04EC0-301F-11D3-BF4B-00C04F79EFBC}") = "WebAppMVC5", "WebAppMVC5\WebAppMVC5.csproj", "{FA8F1017-259D-4E10-BD31-CFCA96AE7765}"
EndProject
Project("{FAE04EC0-301F-11D3-BF4B-00C04F79EFBC}") = "WebSales", "WebSales\WebSales.csproj", "{F6A648F4-DB4B-4200-B0EB-9678352D0890}"
EndProject
Global
	GlobalSection(SolutionConfigurationPlatforms) = preSolution
		Debug|Any CPU = Debug|Any CPU
		Release|Any CPU = Release|Any CPU
	EndGlobalSection
	GlobalSection(ProjectConfigurationPlatforms) = postSolution
		{FCA89F91-E6CA-45B4-BC91-FBF0B7FE31A6}.Debug|Any CPU.ActiveCfg = Debug|Any CPU
		{FCA89F91-E6CA-45B4-BC91-FBF0B7FE31A6}.Debug|Any CPU.Build.0 = Debug|Any CPU
		{FCA89F91-E6CA-45B4-BC91-FBF0B7FE31A6}.Release|Any CPU.ActiveCfg = Release|Any CPU
		{FCA89F91-E6CA-45B4-BC91-FBF0B7FE31A6}.Release|Any CPU.Build.0 = Release|Any CPU
		{FA8F1017-259D-4E10-BD31-CFCA96AE7765}.Debug|Any CPU.ActiveCfg = Debug|Any CPU
		{FA8F1017-259D-4E10-BD31-CFCA96AE7765}.Debug|Any CPU.Build.0 = Debug|Any CPU
		{FA8F1017-259D-4E10-BD31-CFCA96AE7765}.Release|Any CPU.ActiveCfg = Release|Any CPU
		{FA8F1017-259D-4E10-BD31-CFCA96AE7765}.Release|Any CPU.Build.0 = Release|Any CPU
		{F6A648F4-DB4B-4200-B0EB-9678352D0890}.Debug|Any CPU.ActiveCfg = Debug|Any CPU
		{F6A648F4-DB4B-4200-B0EB-9678352D0890}.Debug|Any CPU.Build.0 = Debug|Any CPU
		{F6A648F4-DB4B-4200-B0EB-9678352D0890}.Release|Any CPU.ActiveCfg = Release|Any CPU
		{F6A648F4-DB4B-4200-B0EB-9678352D0890}.Release|Any CPU.Build.0 = Release|Any CPU
	EndGlobalSection
	GlobalSection(SolutionProperties) = preSolution
		HideSolutionNode = FALSE
	EndGlobalSection
	GlobalSection(ExtensibilityGlobals) = postSolution
		SolutionGuid = {F228783F-50C3-46FA-B41D-0A5CDE7C91A2}
	EndGlobalSection
EndGlobal
